
Microsoft Visual Studio Solution File, Format Version 12.00
# Visual Studio 14
VisualStudioVersion = 14.0.25420.1
MinimumVisualStudioVersion = 10.0.40219.1
Project("{FAE04EC0-301F-11D3-BF4B-00C04F79EFBC}") = "Blank.Android", "Blank\Blank.Android\Blank.Android.csproj", "{3695D665-03E3-4625-B16D-3858A5B3808D}"
EndProject
Project("{FAE04EC0-301F-11D3-BF4B-00C04F79EFBC}") = "Blank", "Blank\Blank\Blank.csproj", "{A824B730-2694-4773-9ED7-64300C74D801}"
EndProject
Project("{FAE04EC0-301F-11D3-BF4B-00C04F79EFBC}") = "Blank.UWP", "Blank\Blank.UWP\Blank.UWP.csproj", "{1CC7A4EF-1C77-44B4-8643-DDE875E0D51B}"
EndProject
Project("{FAE04EC0-301F-11D3-BF4B-00C04F79EFBC}") = "Blank.iOS", "Blank\Blank.iOS\Blank.iOS.csproj", "{6AACD5D1-00E4-452E-AE01-076AED3F1D47}"
EndProject
Global
	GlobalSection(SolutionConfigurationPlatforms) = preSolution
		Ad-Hoc|Any CPU = Ad-Hoc|Any CPU
		Ad-Hoc|ARM = Ad-Hoc|ARM
		Ad-Hoc|iPhone = Ad-Hoc|iPhone
		Ad-Hoc|iPhoneSimulator = Ad-Hoc|iPhoneSimulator
		Ad-Hoc|x64 = Ad-Hoc|x64
		Ad-Hoc|x86 = Ad-Hoc|x86
		AppStore|Any CPU = AppStore|Any CPU
		AppStore|ARM = AppStore|ARM
		AppStore|iPhone = AppStore|iPhone
		AppStore|iPhoneSimulator = AppStore|iPhoneSimulator
		AppStore|x64 = AppStore|x64
		AppStore|x86 = AppStore|x86
		Debug|Any CPU = Debug|Any CPU
		Debug|ARM = Debug|ARM
		Debug|iPhone = Debug|iPhone
		Debug|iPhoneSimulator = Debug|iPhoneSimulator
		Debug|x64 = Debug|x64
		Debug|x86 = Debug|x86
		Release|Any CPU = Release|Any CPU
		Release|ARM = Release|ARM
		Release|iPhone = Release|iPhone
		Release|iPhoneSimulator = Release|iPhoneSimulator
		Release|x64 = Release|x64
		Release|x86 = Release|x86
	EndGlobalSection
	GlobalSection(ProjectConfigurationPlatforms) = postSolution
		{3695D665-03E3-4625-B16D-3858A5B3808D}.Ad-Hoc|Any CPU.ActiveCfg = Release|Any CPU
		{3695D665-03E3-4625-B16D-3858A5B3808D}.Ad-Hoc|Any CPU.Build.0 = Release|Any CPU
		{3695D665-03E3-4625-B16D-3858A5B3808D}.Ad-Hoc|Any CPU.Deploy.0 = Release|Any CPU
		{3695D665-03E3-4625-B16D-3858A5B3808D}.Ad-Hoc|ARM.ActiveCfg = Release|Any CPU
		{3695D665-03E3-4625-B16D-3858A5B3808D}.Ad-Hoc|ARM.Build.0 = Release|Any CPU
		{3695D665-03E3-4625-B16D-3858A5B3808D}.Ad-Hoc|ARM.Deploy.0 = Release|Any CPU
		{3695D665-03E3-4625-B16D-3858A5B3808D}.Ad-Hoc|iPhone.ActiveCfg = Release|Any CPU
		{3695D665-03E3-4625-B16D-3858A5B3808D}.Ad-Hoc|iPhone.Build.0 = Release|Any CPU
		{3695D665-03E3-4625-B16D-3858A5B3808D}.Ad-Hoc|iPhone.Deploy.0 = Release|Any CPU
		{3695D665-03E3-4625-B16D-3858A5B3808D}.Ad-Hoc|iPhoneSimulator.ActiveCfg = Release|Any CPU
		{3695D665-03E3-4625-B16D-3858A5B3808D}.Ad-Hoc|iPhoneSimulator.Build.0 = Release|Any CPU
		{3695D665-03E3-4625-B16D-3858A5B3808D}.Ad-Hoc|iPhoneSimulator.Deploy.0 = Release|Any CPU
		{3695D665-03E3-4625-B16D-3858A5B3808D}.Ad-Hoc|x64.ActiveCfg = Release|Any CPU
		{3695D665-03E3-4625-B16D-3858A5B3808D}.Ad-Hoc|x64.Build.0 = Release|Any CPU
		{3695D665-03E3-4625-B16D-3858A5B3808D}.Ad-Hoc|x64.Deploy.0 = Release|Any CPU
		{3695D665-03E3-4625-B16D-3858A5B3808D}.Ad-Hoc|x86.ActiveCfg = Release|Any CPU
		{3695D665-03E3-4625-B16D-3858A5B3808D}.Ad-Hoc|x86.Build.0 = Release|Any CPU
		{3695D665-03E3-4625-B16D-3858A5B3808D}.Ad-Hoc|x86.Deploy.0 = Release|Any CPU
		{3695D665-03E3-4625-B16D-3858A5B3808D}.AppStore|Any CPU.ActiveCfg = Release|Any CPU
		{3695D665-03E3-4625-B16D-3858A5B3808D}.AppStore|Any CPU.Build.0 = Release|Any CPU
		{3695D665-03E3-4625-B16D-3858A5B3808D}.AppStore|Any CPU.Deploy.0 = Release|Any CPU
		{3695D665-03E3-4625-B16D-3858A5B3808D}.AppStore|ARM.ActiveCfg = Release|Any CPU
		{3695D665-03E3-4625-B16D-3858A5B3808D}.AppStore|ARM.Build.0 = Release|Any CPU
		{3695D665-03E3-4625-B16D-3858A5B3808D}.AppStore|ARM.Deploy.0 = Release|Any CPU
		{3695D665-03E3-4625-B16D-3858A5B3808D}.AppStore|iPhone.ActiveCfg = Release|Any CPU
		{3695D665-03E3-4625-B16D-3858A5B3808D}.AppStore|iPhone.Build.0 = Release|Any CPU
		{3695D665-03E3-4625-B16D-3858A5B3808D}.AppStore|iPhone.Deploy.0 = Release|Any CPU
		{3695D665-03E3-4625-B16D-3858A5B3808D}.AppStore|iPhoneSimulator.ActiveCfg = Release|Any CPU
		{3695D665-03E3-4625-B16D-3858A5B3808D}.AppStore|iPhoneSimulator.Build.0 = Release|Any CPU
		{3695D665-03E3-4625-B16D-3858A5B3808D}.AppStore|iPhoneSimulator.Deploy.0 = Release|Any CPU
		{3695D665-03E3-4625-B16D-3858A5B3808D}.AppStore|x64.ActiveCfg = Release|Any CPU
		{3695D665-03E3-4625-B16D-3858A5B3808D}.AppStore|x64.Build.0 = Release|Any CPU
		{3695D665-03E3-4625-B16D-3858A5B3808D}.AppStore|x64.Deploy.0 = Release|Any CPU
		{3695D665-03E3-4625-B16D-3858A5B3808D}.AppStore|x86.ActiveCfg = Release|Any CPU
		{3695D665-03E3-4625-B16D-3858A5B3808D}.AppStore|x86.Build.0 = Release|Any CPU
		{3695D665-03E3-4625-B16D-3858A5B3808D}.AppStore|x86.Deploy.0 = Release|Any CPU
		{3695D665-03E3-4625-B16D-3858A5B3808D}.Debug|Any CPU.ActiveCfg = Debug|Any CPU
		{3695D665-03E3-4625-B16D-3858A5B3808D}.Debug|Any CPU.Build.0 = Debug|Any CPU
		{3695D665-03E3-4625-B16D-3858A5B3808D}.Debug|Any CPU.Deploy.0 = Debug|Any CPU
		{3695D665-03E3-4625-B16D-3858A5B3808D}.Debug|ARM.ActiveCfg = Debug|Any CPU
		{3695D665-03E3-4625-B16D-3858A5B3808D}.Debug|ARM.Build.0 = Debug|Any CPU
		{3695D665-03E3-4625-B16D-3858A5B3808D}.Debug|ARM.Deploy.0 = Debug|Any CPU
		{3695D665-03E3-4625-B16D-3858A5B3808D}.Debug|iPhone.ActiveCfg = Debug|Any CPU
		{3695D665-03E3-4625-B16D-3858A5B3808D}.Debug|iPhone.Build.0 = Debug|Any CPU
		{3695D665-03E3-4625-B16D-3858A5B3808D}.Debug|iPhone.Deploy.0 = Debug|Any CPU
		{3695D665-03E3-4625-B16D-3858A5B3808D}.Debug|iPhoneSimulator.ActiveCfg = Debug|Any CPU
		{3695D665-03E3-4625-B16D-3858A5B3808D}.Debug|iPhoneSimulator.Build.0 = Debug|Any CPU
		{3695D665-03E3-4625-B16D-3858A5B3808D}.Debug|iPhoneSimulator.Deploy.0 = Debug|Any CPU
		{3695D665-03E3-4625-B16D-3858A5B3808D}.Debug|x64.ActiveCfg = Debug|Any CPU
		{3695D665-03E3-4625-B16D-3858A5B3808D}.Debug|x64.Build.0 = Debug|Any CPU
		{3695D665-03E3-4625-B16D-3858A5B3808D}.Debug|x64.Deploy.0 = Debug|Any CPU
		{3695D665-03E3-4625-B16D-3858A5B3808D}.Debug|x86.ActiveCfg = Debug|Any CPU
		{3695D665-03E3-4625-B16D-3858A5B3808D}.Debug|x86.Build.0 = Debug|Any CPU
		{3695D665-03E3-4625-B16D-3858A5B3808D}.Debug|x86.Deploy.0 = Debug|Any CPU
		{3695D665-03E3-4625-B16D-3858A5B3808D}.Release|Any CPU.ActiveCfg = Release|Any CPU
		{3695D665-03E3-4625-B16D-3858A5B3808D}.Release|Any CPU.Build.0 = Release|Any CPU
		{3695D665-03E3-4625-B16D-3858A5B3808D}.Release|Any CPU.Deploy.0 = Release|Any CPU
		{3695D665-03E3-4625-B16D-3858A5B3808D}.Release|ARM.ActiveCfg = Release|Any CPU
		{3695D665-03E3-4625-B16D-3858A5B3808D}.Release|ARM.Build.0 = Release|Any CPU
		{3695D665-03E3-4625-B16D-3858A5B3808D}.Release|ARM.Deploy.0 = Release|Any CPU
		{3695D665-03E3-4625-B16D-3858A5B3808D}.Release|iPhone.ActiveCfg = Release|Any CPU
		{3695D665-03E3-4625-B16D-3858A5B3808D}.Release|iPhone.Build.0 = Release|Any CPU
		{3695D665-03E3-4625-B16D-3858A5B3808D}.Release|iPhone.Deploy.0 = Release|Any CPU
		{3695D665-03E3-4625-B16D-3858A5B3808D}.Release|iPhoneSimulator.ActiveCfg = Release|Any CPU
		{3695D665-03E3-4625-B16D-3858A5B3808D}.Release|iPhoneSimulator.Build.0 = Release|Any CPU
		{3695D665-03E3-4625-B16D-3858A5B3808D}.Release|iPhoneSimulator.Deploy.0 = Release|Any CPU
		{3695D665-03E3-4625-B16D-3858A5B3808D}.Release|x64.ActiveCfg = Release|Any CPU
		{3695D665-03E3-4625-B16D-3858A5B3808D}.Release|x64.Build.0 = Release|Any CPU
		{3695D665-03E3-4625-B16D-3858A5B3808D}.Release|x64.Deploy.0 = Release|Any CPU
		{3695D665-03E3-4625-B16D-3858A5B3808D}.Release|x86.ActiveCfg = Release|Any CPU
		{3695D665-03E3-4625-B16D-3858A5B3808D}.Release|x86.Build.0 = Release|Any CPU
		{3695D665-03E3-4625-B16D-3858A5B3808D}.Release|x86.Deploy.0 = Release|Any CPU
		{A824B730-2694-4773-9ED7-64300C74D801}.Ad-Hoc|Any CPU.ActiveCfg = Release|Any CPU
		{A824B730-2694-4773-9ED7-64300C74D801}.Ad-Hoc|Any CPU.Build.0 = Release|Any CPU
		{A824B730-2694-4773-9ED7-64300C74D801}.Ad-Hoc|ARM.ActiveCfg = Release|Any CPU
		{A824B730-2694-4773-9ED7-64300C74D801}.Ad-Hoc|ARM.Build.0 = Release|Any CPU
		{A824B730-2694-4773-9ED7-64300C74D801}.Ad-Hoc|iPhone.ActiveCfg = Release|Any CPU
		{A824B730-2694-4773-9ED7-64300C74D801}.Ad-Hoc|iPhone.Build.0 = Release|Any CPU
		{A824B730-2694-4773-9ED7-64300C74D801}.Ad-Hoc|iPhoneSimulator.ActiveCfg = Release|Any CPU
		{A824B730-2694-4773-9ED7-64300C74D801}.Ad-Hoc|iPhoneSimulator.Build.0 = Release|Any CPU
		{A824B730-2694-4773-9ED7-64300C74D801}.Ad-Hoc|x64.ActiveCfg = Release|Any CPU
		{A824B730-2694-4773-9ED7-64300C74D801}.Ad-Hoc|x64.Build.0 = Release|Any CPU
		{A824B730-2694-4773-9ED7-64300C74D801}.Ad-Hoc|x86.ActiveCfg = Release|Any CPU
		{A824B730-2694-4773-9ED7-64300C74D801}.Ad-Hoc|x86.Build.0 = Release|Any CPU
		{A824B730-2694-4773-9ED7-64300C74D801}.AppStore|Any CPU.ActiveCfg = Release|Any CPU
		{A824B730-2694-4773-9ED7-64300C74D801}.AppStore|Any CPU.Build.0 = Release|Any CPU
		{A824B730-2694-4773-9ED7-64300C74D801}.AppStore|ARM.ActiveCfg = Release|Any CPU
		{A824B730-2694-4773-9ED7-64300C74D801}.AppStore|ARM.Build.0 = Release|Any CPU
		{A824B730-2694-4773-9ED7-64300C74D801}.AppStore|iPhone.ActiveCfg = Release|Any CPU
		{A824B730-2694-4773-9ED7-64300C74D801}.AppStore|iPhone.Build.0 = Release|Any CPU
		{A824B730-2694-4773-9ED7-64300C74D801}.AppStore|iPhoneSimulator.ActiveCfg = Release|Any CPU
		{A824B730-2694-4773-9ED7-64300C74D801}.AppStore|iPhoneSimulator.Build.0 = Release|Any CPU
		{A824B730-2694-4773-9ED7-64300C74D801}.AppStore|x64.ActiveCfg = Release|Any CPU
		{A824B730-2694-4773-9ED7-64300C74D801}.AppStore|x64.Build.0 = Release|Any CPU
		{A824B730-2694-4773-9ED7-64300C74D801}.AppStore|x86.ActiveCfg = Release|Any CPU
		{A824B730-2694-4773-9ED7-64300C74D801}.AppStore|x86.Build.0 = Release|Any CPU
		{A824B730-2694-4773-9ED7-64300C74D801}.Debug|Any CPU.ActiveCfg = Debug|Any CPU
		{A824B730-2694-4773-9ED7-64300C74D801}.Debug|Any CPU.Build.0 = Debug|Any CPU
		{A824B730-2694-4773-9ED7-64300C74D801}.Debug|ARM.ActiveCfg = Debug|Any CPU
		{A824B730-2694-4773-9ED7-64300C74D801}.Debug|ARM.Build.0 = Debug|Any CPU
		{A824B730-2694-4773-9ED7-64300C74D801}.Debug|iPhone.ActiveCfg = Debug|Any CPU
		{A824B730-2694-4773-9ED7-64300C74D801}.Debug|iPhone.Build.0 = Debug|Any CPU
		{A824B730-2694-4773-9ED7-64300C74D801}.Debug|iPhoneSimulator.ActiveCfg = Debug|Any CPU
		{A824B730-2694-4773-9ED7-64300C74D801}.Debug|iPhoneSimulator.Build.0 = Debug|Any CPU
		{A824B730-2694-4773-9ED7-64300C74D801}.Debug|x64.ActiveCfg = Debug|Any CPU
		{A824B730-2694-4773-9ED7-64300C74D801}.Debug|x64.Build.0 = Debug|Any CPU
		{A824B730-2694-4773-9ED7-64300C74D801}.Debug|x86.ActiveCfg = Debug|Any CPU
		{A824B730-2694-4773-9ED7-64300C74D801}.Debug|x86.Build.0 = Debug|Any CPU
		{A824B730-2694-4773-9ED7-64300C74D801}.Release|Any CPU.ActiveCfg = Release|Any CPU
		{A824B730-2694-4773-9ED7-64300C74D801}.Release|Any CPU.Build.0 = Release|Any CPU
		{A824B730-2694-4773-9ED7-64300C74D801}.Release|ARM.ActiveCfg = Release|Any CPU
		{A824B730-2694-4773-9ED7-64300C74D801}.Release|ARM.Build.0 = Release|Any CPU
		{A824B730-2694-4773-9ED7-64300C74D801}.Release|iPhone.ActiveCfg = Release|Any CPU
		{A824B730-2694-4773-9ED7-64300C74D801}.Release|iPhone.Build.0 = Release|Any CPU
		{A824B730-2694-4773-9ED7-64300C74D801}.Release|iPhoneSimulator.ActiveCfg = Release|Any CPU
		{A824B730-2694-4773-9ED7-64300C74D801}.Release|iPhoneSimulator.Build.0 = Release|Any CPU
		{A824B730-2694-4773-9ED7-64300C74D801}.Release|x64.ActiveCfg = Release|Any CPU
		{A824B730-2694-4773-9ED7-64300C74D801}.Release|x64.Build.0 = Release|Any CPU
		{A824B730-2694-4773-9ED7-64300C74D801}.Release|x86.ActiveCfg = Release|Any CPU
		{A824B730-2694-4773-9ED7-64300C74D801}.Release|x86.Build.0 = Release|Any CPU
		{1CC7A4EF-1C77-44B4-8643-DDE875E0D51B}.Ad-Hoc|Any CPU.ActiveCfg = Release|x86
		{1CC7A4EF-1C77-44B4-8643-DDE875E0D51B}.Ad-Hoc|Any CPU.Build.0 = Release|x86
		{1CC7A4EF-1C77-44B4-8643-DDE875E0D51B}.Ad-Hoc|Any CPU.Deploy.0 = Release|x86
		{1CC7A4EF-1C77-44B4-8643-DDE875E0D51B}.Ad-Hoc|ARM.ActiveCfg = Release|ARM
		{1CC7A4EF-1C77-44B4-8643-DDE875E0D51B}.Ad-Hoc|ARM.Build.0 = Release|ARM
		{1CC7A4EF-1C77-44B4-8643-DDE875E0D51B}.Ad-Hoc|ARM.Deploy.0 = Release|ARM
		{1CC7A4EF-1C77-44B4-8643-DDE875E0D51B}.Ad-Hoc|iPhone.ActiveCfg = Release|x86
		{1CC7A4EF-1C77-44B4-8643-DDE875E0D51B}.Ad-Hoc|iPhone.Build.0 = Release|x86
		{1CC7A4EF-1C77-44B4-8643-DDE875E0D51B}.Ad-Hoc|iPhone.Deploy.0 = Release|x86
		{1CC7A4EF-1C77-44B4-8643-DDE875E0D51B}.Ad-Hoc|iPhoneSimulator.ActiveCfg = Release|x86
		{1CC7A4EF-1C77-44B4-8643-DDE875E0D51B}.Ad-Hoc|iPhoneSimulator.Build.0 = Release|x86
		{1CC7A4EF-1C77-44B4-8643-DDE875E0D51B}.Ad-Hoc|iPhoneSimulator.Deploy.0 = Release|x86
		{1CC7A4EF-1C77-44B4-8643-DDE875E0D51B}.Ad-Hoc|x64.ActiveCfg = Release|x64
		{1CC7A4EF-1C77-44B4-8643-DDE875E0D51B}.Ad-Hoc|x64.Build.0 = Release|x64
		{1CC7A4EF-1C77-44B4-8643-DDE875E0D51B}.Ad-Hoc|x64.Deploy.0 = Release|x64
		{1CC7A4EF-1C77-44B4-8643-DDE875E0D51B}.Ad-Hoc|x86.ActiveCfg = Release|x86
		{1CC7A4EF-1C77-44B4-8643-DDE875E0D51B}.Ad-Hoc|x86.Build.0 = Release|x86
		{1CC7A4EF-1C77-44B4-8643-DDE875E0D51B}.Ad-Hoc|x86.Deploy.0 = Release|x86
		{1CC7A4EF-1C77-44B4-8643-DDE875E0D51B}.AppStore|Any CPU.ActiveCfg = Release|x86
		{1CC7A4EF-1C77-44B4-8643-DDE875E0D51B}.AppStore|Any CPU.Build.0 = Release|x86
		{1CC7A4EF-1C77-44B4-8643-DDE875E0D51B}.AppStore|Any CPU.Deploy.0 = Release|x86
		{1CC7A4EF-1C77-44B4-8643-DDE875E0D51B}.AppStore|ARM.ActiveCfg = Release|ARM
		{1CC7A4EF-1C77-44B4-8643-DDE875E0D51B}.AppStore|ARM.Build.0 = Release|ARM
		{1CC7A4EF-1C77-44B4-8643-DDE875E0D51B}.AppStore|ARM.Deploy.0 = Release|ARM
		{1CC7A4EF-1C77-44B4-8643-DDE875E0D51B}.AppStore|iPhone.ActiveCfg = Release|x86
		{1CC7A4EF-1C77-44B4-8643-DDE875E0D51B}.AppStore|iPhone.Build.0 = Release|x86
		{1CC7A4EF-1C77-44B4-8643-DDE875E0D51B}.AppStore|iPhone.Deploy.0 = Release|x86
		{1CC7A4EF-1C77-44B4-8643-DDE875E0D51B}.AppStore|iPhoneSimulator.ActiveCfg = Release|x86
		{1CC7A4EF-1C77-44B4-8643-DDE875E0D51B}.AppStore|iPhoneSimulator.Build.0 = Release|x86
		{1CC7A4EF-1C77-44B4-8643-DDE875E0D51B}.AppStore|iPhoneSimulator.Deploy.0 = Release|x86
		{1CC7A4EF-1C77-44B4-8643-DDE875E0D51B}.AppStore|x64.ActiveCfg = Release|x64
		{1CC7A4EF-1C77-44B4-8643-DDE875E0D51B}.AppStore|x64.Build.0 = Release|x64
		{1CC7A4EF-1C77-44B4-8643-DDE875E0D51B}.AppStore|x64.Deploy.0 = Release|x64
		{1CC7A4EF-1C77-44B4-8643-DDE875E0D51B}.AppStore|x86.ActiveCfg = Release|x86
		{1CC7A4EF-1C77-44B4-8643-DDE875E0D51B}.AppStore|x86.Build.0 = Release|x86
		{1CC7A4EF-1C77-44B4-8643-DDE875E0D51B}.AppStore|x86.Deploy.0 = Release|x86
		{1CC7A4EF-1C77-44B4-8643-DDE875E0D51B}.Debug|Any CPU.ActiveCfg = Debug|x86
		{1CC7A4EF-1C77-44B4-8643-DDE875E0D51B}.Debug|ARM.ActiveCfg = Debug|ARM
		{1CC7A4EF-1C77-44B4-8643-DDE875E0D51B}.Debug|ARM.Build.0 = Debug|ARM
		{1CC7A4EF-1C77-44B4-8643-DDE875E0D51B}.Debug|ARM.Deploy.0 = Debug|ARM
		{1CC7A4EF-1C77-44B4-8643-DDE875E0D51B}.Debug|iPhone.ActiveCfg = Debug|x86
		{1CC7A4EF-1C77-44B4-8643-DDE875E0D51B}.Debug|iPhoneSimulator.ActiveCfg = Debug|x86
		{1CC7A4EF-1C77-44B4-8643-DDE875E0D51B}.Debug|x64.ActiveCfg = Debug|x64
		{1CC7A4EF-1C77-44B4-8643-DDE875E0D51B}.Debug|x64.Build.0 = Debug|x64
		{1CC7A4EF-1C77-44B4-8643-DDE875E0D51B}.Debug|x64.Deploy.0 = Debug|x64
		{1CC7A4EF-1C77-44B4-8643-DDE875E0D51B}.Debug|x86.ActiveCfg = Debug|x86
		{1CC7A4EF-1C77-44B4-8643-DDE875E0D51B}.Debug|x86.Build.0 = Debug|x86
		{1CC7A4EF-1C77-44B4-8643-DDE875E0D51B}.Debug|x86.Deploy.0 = Debug|x86
		{1CC7A4EF-1C77-44B4-8643-DDE875E0D51B}.Release|Any CPU.ActiveCfg = Release|x86
		{1CC7A4EF-1C77-44B4-8643-DDE875E0D51B}.Release|ARM.ActiveCfg = Release|ARM
		{1CC7A4EF-1C77-44B4-8643-DDE875E0D51B}.Release|ARM.Build.0 = Release|ARM
		{1CC7A4EF-1C77-44B4-8643-DDE875E0D51B}.Release|ARM.Deploy.0 = Release|ARM
		{1CC7A4EF-1C77-44B4-8643-DDE875E0D51B}.Release|iPhone.ActiveCfg = Release|x86
		{1CC7A4EF-1C77-44B4-8643-DDE875E0D51B}.Release|iPhoneSimulator.ActiveCfg = Release|x86
		{1CC7A4EF-1C77-44B4-8643-DDE875E0D51B}.Release|x64.ActiveCfg = Release|x64
		{1CC7A4EF-1C77-44B4-8643-DDE875E0D51B}.Release|x64.Build.0 = Release|x64
		{1CC7A4EF-1C77-44B4-8643-DDE875E0D51B}.Release|x64.Deploy.0 = Release|x64
		{1CC7A4EF-1C77-44B4-8643-DDE875E0D51B}.Release|x86.ActiveCfg = Release|x86
		{1CC7A4EF-1C77-44B4-8643-DDE875E0D51B}.Release|x86.Build.0 = Release|x86
		{1CC7A4EF-1C77-44B4-8643-DDE875E0D51B}.Release|x86.Deploy.0 = Release|x86
		{6AACD5D1-00E4-452E-AE01-076AED3F1D47}.Ad-Hoc|Any CPU.ActiveCfg = Ad-Hoc|iPhone
		{6AACD5D1-00E4-452E-AE01-076AED3F1D47}.Ad-Hoc|ARM.ActiveCfg = Ad-Hoc|iPhone
		{6AACD5D1-00E4-452E-AE01-076AED3F1D47}.Ad-Hoc|iPhone.ActiveCfg = Ad-Hoc|iPhone
		{6AACD5D1-00E4-452E-AE01-076AED3F1D47}.Ad-Hoc|iPhone.Build.0 = Ad-Hoc|iPhone
		{6AACD5D1-00E4-452E-AE01-076AED3F1D47}.Ad-Hoc|iPhoneSimulator.ActiveCfg = Ad-Hoc|iPhoneSimulator
		{6AACD5D1-00E4-452E-AE01-076AED3F1D47}.Ad-Hoc|iPhoneSimulator.Build.0 = Ad-Hoc|iPhoneSimulator
		{6AACD5D1-00E4-452E-AE01-076AED3F1D47}.Ad-Hoc|x64.ActiveCfg = Ad-Hoc|iPhone
		{6AACD5D1-00E4-452E-AE01-076AED3F1D47}.Ad-Hoc|x86.ActiveCfg = Ad-Hoc|iPhone
		{6AACD5D1-00E4-452E-AE01-076AED3F1D47}.AppStore|Any CPU.ActiveCfg = AppStore|iPhone
		{6AACD5D1-00E4-452E-AE01-076AED3F1D47}.AppStore|ARM.ActiveCfg = AppStore|iPhone
		{6AACD5D1-00E4-452E-AE01-076AED3F1D47}.AppStore|iPhone.ActiveCfg = AppStore|iPhone
		{6AACD5D1-00E4-452E-AE01-076AED3F1D47}.AppStore|iPhone.Build.0 = AppStore|iPhone
		{6AACD5D1-00E4-452E-AE01-076AED3F1D47}.AppStore|iPhoneSimulator.ActiveCfg = AppStore|iPhoneSimulator
		{6AACD5D1-00E4-452E-AE01-076AED3F1D47}.AppStore|iPhoneSimulator.Build.0 = AppStore|iPhoneSimulator
		{6AACD5D1-00E4-452E-AE01-076AED3F1D47}.AppStore|x64.ActiveCfg = AppStore|iPhone
		{6AACD5D1-00E4-452E-AE01-076AED3F1D47}.AppStore|x86.ActiveCfg = AppStore|iPhone
		{6AACD5D1-00E4-452E-AE01-076AED3F1D47}.Debug|Any CPU.ActiveCfg = Debug|iPhone
		{6AACD5D1-00E4-452E-AE01-076AED3F1D47}.Debug|ARM.ActiveCfg = Debug|iPhone
		{6AACD5D1-00E4-452E-AE01-076AED3F1D47}.Debug|iPhone.ActiveCfg = Debug|iPhone
		{6AACD5D1-00E4-452E-AE01-076AED3F1D47}.Debug|iPhone.Build.0 = Debug|iPhone
		{6AACD5D1-00E4-452E-AE01-076AED3F1D47}.Debug|iPhoneSimulator.ActiveCfg = Debug|iPhoneSimulator
		{6AACD5D1-00E4-452E-AE01-076AED3F1D47}.Debug|iPhoneSimulator.Build.0 = Debug|iPhoneSimulator
		{6AACD5D1-00E4-452E-AE01-076AED3F1D47}.Debug|x64.ActiveCfg = Debug|iPhone
		{6AACD5D1-00E4-452E-AE01-076AED3F1D47}.Debug|x86.ActiveCfg = Debug|iPhone
		{6AACD5D1-00E4-452E-AE01-076AED3F1D47}.Release|Any CPU.ActiveCfg = Release|iPhone
		{6AACD5D1-00E4-452E-AE01-076AED3F1D47}.Release|ARM.ActiveCfg = Release|iPhone
		{6AACD5D1-00E4-452E-AE01-076AED3F1D47}.Release|iPhone.ActiveCfg = Release|iPhone
		{6AACD5D1-00E4-452E-AE01-076AED3F1D47}.Release|iPhone.Build.0 = Release|iPhone
		{6AACD5D1-00E4-452E-AE01-076AED3F1D47}.Release|iPhoneSimulator.ActiveCfg = Release|iPhoneSimulator
		{6AACD5D1-00E4-452E-AE01-076AED3F1D47}.Release|iPhoneSimulator.Build.0 = Release|iPhoneSimulator
		{6AACD5D1-00E4-452E-AE01-076AED3F1D47}.Release|x64.ActiveCfg = Release|iPhone
		{6AACD5D1-00E4-452E-AE01-076AED3F1D47}.Release|x86.ActiveCfg = Release|iPhone
	EndGlobalSection
	GlobalSection(SolutionProperties) = preSolution
		HideSolutionNode = FALSE
	EndGlobalSection
EndGlobal
